
Microsoft Visual Studio Solution File, Format Version 12.00
# Visual Studio 15
VisualStudioVersion = 15.0.28307.329
MinimumVisualStudioVersion = 10.0.40219.1
Project("{9A19103F-16F7-4668-BE54-9A1E7A4F7556}") = "DoublyLinkedListImplementation", "DoublyLinkedListImplementation\DoublyLinkedListImplementation.csproj", "{A7B45672-6F3F-46AA-91FE-A4DE6579ED52}"
EndProject
Global
	GlobalSection(SolutionConfigurationPlatforms) = preSolution
		Debug|Any CPU = Debug|Any CPU
		Release|Any CPU = Release|Any CPU
	EndGlobalSection
	GlobalSection(ProjectConfigurationPlatforms) = postSolution
		{A7B45672-6F3F-46AA-91FE-A4DE6579ED52}.Debug|Any CPU.ActiveCfg = Debug|Any CPU
		{A7B45672-6F3F-46AA-91FE-A4DE6579ED52}.Debug|Any CPU.Build.0 = Debug|Any CPU
		{A7B45672-6F3F-46AA-91FE-A4DE6579ED52}.Release|Any CPU.ActiveCfg = Release|Any CPU
		{A7B45672-6F3F-46AA-91FE-A4DE6579ED52}.Release|Any CPU.Build.0 = Release|Any CPU
	EndGlobalSection
	GlobalSection(SolutionProperties) = preSolution
		HideSolutionNode = FALSE
	EndGlobalSection
	GlobalSection(ExtensibilityGlobals) = postSolution
		SolutionGuid = {D7A69DBE-3E97-4BBD-ADC8-A9CFA824A048}
	EndGlobalSection
EndGlobal
